
Microsoft Visual Studio Solution File, Format Version 12.00
# Visual Studio Version 16
VisualStudioVersion = 16.0.30907.101
MinimumVisualStudioVersion = 10.0.40219.1
Project("{FAE04EC0-301F-11D3-BF4B-00C04F79EFBC}") = "BigBucksCoffee", "BigBucksCoffee.csproj", "{9FD7EC53-B921-46EB-9A3E-BB7188EB7C2F}"
EndProject
Project("{FAE04EC0-301F-11D3-BF4B-00C04F79EFBC}") = "BigBucksCoffee.Tests", "BigBucksCoffee.Tests\BigBucksCoffee.Tests.csproj", "{ABC5EDBC-EA27-4C80-86EE-94CE67C17A50}"
EndProject
Global
	GlobalSection(SolutionConfigurationPlatforms) = preSolution
		Debug|Any CPU = Debug|Any CPU
		Release|Any CPU = Release|Any CPU
	EndGlobalSection
	GlobalSection(ProjectConfigurationPlatforms) = postSolution
		{9FD7EC53-B921-46EB-9A3E-BB7188EB7C2F}.Debug|Any CPU.ActiveCfg = Debug|Any CPU
		{9FD7EC53-B921-46EB-9A3E-BB7188EB7C2F}.Debug|Any CPU.Build.0 = Debug|Any CPU
		{9FD7EC53-B921-46EB-9A3E-BB7188EB7C2F}.Release|Any CPU.ActiveCfg = Release|Any CPU
		{9FD7EC53-B921-46EB-9A3E-BB7188EB7C2F}.Release|Any CPU.Build.0 = Release|Any CPU
		{ABC5EDBC-EA27-4C80-86EE-94CE67C17A50}.Debug|Any CPU.ActiveCfg = Debug|Any CPU
		{ABC5EDBC-EA27-4C80-86EE-94CE67C17A50}.Debug|Any CPU.Build.0 = Debug|Any CPU
		{ABC5EDBC-EA27-4C80-86EE-94CE67C17A50}.Release|Any CPU.ActiveCfg = Release|Any CPU
		{ABC5EDBC-EA27-4C80-86EE-94CE67C17A50}.Release|Any CPU.Build.0 = Release|Any CPU
	EndGlobalSection
	GlobalSection(SolutionProperties) = preSolution
		HideSolutionNode = FALSE
	EndGlobalSection
	GlobalSection(ExtensibilityGlobals) = postSolution
		SolutionGuid = {59A40F32-85DB-4AA4-8DBA-6AC1FABBAB65}
	EndGlobalSection
EndGlobal
